
Microsoft Visual Studio Solution File, Format Version 12.00
# Visual Studio Version 17
VisualStudioVersion = 17.4.33103.184
MinimumVisualStudioVersion = 10.0.40219.1
Project("{FAE04EC0-301F-11D3-BF4B-00C04F79EFBC}") = "ADOBookCatalog", "ADOBookCatalog\ADOBookCatalog.csproj", "{BC356C5B-A125-4883-A7BC-46605694C73D}"
EndProject
Global
	GlobalSection(SolutionConfigurationPlatforms) = preSolution
		Debug|Any CPU = Debug|Any CPU
		Release|Any CPU = Release|Any CPU
	EndGlobalSection
	GlobalSection(ProjectConfigurationPlatforms) = postSolution
		{BC356C5B-A125-4883-A7BC-46605694C73D}.Debug|Any CPU.ActiveCfg = Debug|Any CPU
		{BC356C5B-A125-4883-A7BC-46605694C73D}.Debug|Any CPU.Build.0 = Debug|Any CPU
		{BC356C5B-A125-4883-A7BC-46605694C73D}.Release|Any CPU.ActiveCfg = Release|Any CPU
		{BC356C5B-A125-4883-A7BC-46605694C73D}.Release|Any CPU.Build.0 = Release|Any CPU
	EndGlobalSection
	GlobalSection(SolutionProperties) = preSolution
		HideSolutionNode = FALSE
	EndGlobalSection
	GlobalSection(ExtensibilityGlobals) = postSolution
		SolutionGuid = {ABF2AFD0-A072-4448-9DDC-B88509DD3E52}
	EndGlobalSection
EndGlobal
